
Microsoft Visual Studio Solution File, Format Version 12.00
# Visual Studio Version 16
VisualStudioVersion = 16.0.30611.23
MinimumVisualStudioVersion = 10.0.40219.1
Project("{9A19103F-16F7-4668-BE54-9A1E7A4F7556}") = "Impostor.Commands.Core", "Impostor.Commands.Core\Impostor.Commands.Core.csproj", "{1E86A8D8-C0B4-4194-9274-C93885A6FD84}"
EndProject
Project("{FAE04EC0-301F-11D3-BF4B-00C04F79EFBC}") = "Monitors.Tests", "Monitors.Tests\Monitors.Tests.csproj", "{EE7778C7-9863-4BBC-9DDE-4B95AF946416}"
EndProject
Global
	GlobalSection(SolutionConfigurationPlatforms) = preSolution
		Debug_Ubuntu|Any CPU = Debug_Ubuntu|Any CPU
		Debug|Any CPU = Debug|Any CPU
		Release_Ubuntu|Any CPU = Release_Ubuntu|Any CPU
		Release|Any CPU = Release|Any CPU
	EndGlobalSection
	GlobalSection(ProjectConfigurationPlatforms) = postSolution
		{1E86A8D8-C0B4-4194-9274-C93885A6FD84}.Debug_Ubuntu|Any CPU.ActiveCfg = Debug|Any CPU
		{1E86A8D8-C0B4-4194-9274-C93885A6FD84}.Debug_Ubuntu|Any CPU.Build.0 = Debug|Any CPU
		{1E86A8D8-C0B4-4194-9274-C93885A6FD84}.Debug|Any CPU.ActiveCfg = Debug|Any CPU
		{1E86A8D8-C0B4-4194-9274-C93885A6FD84}.Debug|Any CPU.Build.0 = Debug|Any CPU
		{1E86A8D8-C0B4-4194-9274-C93885A6FD84}.Release_Ubuntu|Any CPU.ActiveCfg = Release|Any CPU
		{1E86A8D8-C0B4-4194-9274-C93885A6FD84}.Release_Ubuntu|Any CPU.Build.0 = Release|Any CPU
		{1E86A8D8-C0B4-4194-9274-C93885A6FD84}.Release|Any CPU.ActiveCfg = Release|Any CPU
		{1E86A8D8-C0B4-4194-9274-C93885A6FD84}.Release|Any CPU.Build.0 = Release|Any CPU
		{EE7778C7-9863-4BBC-9DDE-4B95AF946416}.Debug_Ubuntu|Any CPU.ActiveCfg = Debug|Any CPU
		{EE7778C7-9863-4BBC-9DDE-4B95AF946416}.Debug_Ubuntu|Any CPU.Build.0 = Debug|Any CPU
		{EE7778C7-9863-4BBC-9DDE-4B95AF946416}.Debug|Any CPU.ActiveCfg = Debug|Any CPU
		{EE7778C7-9863-4BBC-9DDE-4B95AF946416}.Debug|Any CPU.Build.0 = Debug|Any CPU
		{EE7778C7-9863-4BBC-9DDE-4B95AF946416}.Release_Ubuntu|Any CPU.ActiveCfg = Release|Any CPU
		{EE7778C7-9863-4BBC-9DDE-4B95AF946416}.Release_Ubuntu|Any CPU.Build.0 = Release|Any CPU
		{EE7778C7-9863-4BBC-9DDE-4B95AF946416}.Release|Any CPU.ActiveCfg = Release|Any CPU
		{EE7778C7-9863-4BBC-9DDE-4B95AF946416}.Release|Any CPU.Build.0 = Release|Any CPU
	EndGlobalSection
	GlobalSection(SolutionProperties) = preSolution
		HideSolutionNode = FALSE
	EndGlobalSection
	GlobalSection(ExtensibilityGlobals) = postSolution
		SolutionGuid = {362CA084-8ED3-49DF-91CA-BF06EE4A969C}
	EndGlobalSection
EndGlobal
