
Microsoft Visual Studio Solution File, Format Version 12.00
# Visual Studio Version 16
VisualStudioVersion = 16.0.30611.23
MinimumVisualStudioVersion = 10.0.40219.1
Project("{9A19103F-16F7-4668-BE54-9A1E7A4F7556}") = "Impostor.Commands.Core", "Impostor.Commands.Core\Impostor.Commands.Core.csproj", "{1E86A8D8-C0B4-4194-9274-C93885A6FD84}"
EndProject
Project("{FAE04EC0-301F-11D3-BF4B-00C04F79EFBC}") = "Monitors.Tests", "Monitors.Tests\Monitors.Tests.csproj", "{EE7778C7-9863-4BBC-9DDE-4B95AF946416}"
EndProject
Project("{FAE04EC0-301F-11D3-BF4B-00C04F79EFBC}") = "LogParser", "LogParser\LogParser.csproj", "{0D072C9E-1BDA-478A-90C3-144CD637FB40}"
EndProject
Project("{9A19103F-16F7-4668-BE54-9A1E7A4F7556}") = "Plugin.Test", "Plugin.Test\Plugin.Test.csproj", "{C916DC6C-D2AD-4869-9B5E-8C79D83A14AD}"
EndProject
Project("{2150E333-8FDC-42A3-9474-1A3956D46DE8}") = "Plugin Examples", "Plugin Examples", "{591D8590-F104-4D3A-AD0B-B8C825AA66B7}"
EndProject
Project("{9A19103F-16F7-4668-BE54-9A1E7A4F7556}") = "ImpostorHQ.Plugin.Fashionable", "ImpostorHQ.Plugin.Fashionable\ImpostorHQ.Plugin.Fashionable.csproj", "{F4D0DB97-AEE8-49B8-A568-0D5B2F714AA0}"
EndProject
Project("{FAE04EC0-301F-11D3-BF4B-00C04F79EFBC}") = "ImpostorHQ.Plugin.Fashionable.Designer", "ImpostorHQ.Plugin.Fashionable.Designer\ImpostorHQ.Plugin.Fashionable.Designer.csproj", "{76E59656-C45F-4F28-A184-9CB15EE5AF73}"
EndProject
Project("{9A19103F-16F7-4668-BE54-9A1E7A4F7556}") = "ImpostorHQ.Plugin.HallOfShame", "ImpostorHQ.Plugin.HallOfShame\ImpostorHQ.Plugin.HallOfShame.csproj", "{6E531144-02F5-46A3-9758-D660A09EE7C0}"
EndProject
Project("{2150E333-8FDC-42A3-9474-1A3956D46DE8}") = "Game Modes", "Game Modes", "{74E1796B-1ECB-415E-906A-BBF1C7FFB31F}"
EndProject
Project("{9A19103F-16F7-4668-BE54-9A1E7A4F7556}") = "ImpostorHQ.GameMode.Timeframe", "ImpostorHQ.GameMode.Timeframe\ImpostorHQ.GameMode.Timeframe.csproj", "{45F86E59-A175-48AD-BB42-D8D961139094}"
EndProject
Project("{9A19103F-16F7-4668-BE54-9A1E7A4F7556}") = "Optimization", "Optimization\Optimization.csproj", "{66D3D3C3-EE1C-4486-BB42-F76150E5213F}"
EndProject
Project("{9A19103F-16F7-4668-BE54-9A1E7A4F7556}") = "ImpostorHQ.Plugin.DDoSInfo", "ImpostorHQ.Plugin.DDoSInfo\ImpostorHQ.Plugin.DDoSInfo.csproj", "{5C3E0DD4-DA0C-454C-8200-B82A344D2D56}"
EndProject
Project("{9A19103F-16F7-4668-BE54-9A1E7A4F7556}") = "ImpostorHQ.Plugin.DiskStatus", "ImpostorHQ.Plugin.DiskStatus\ImpostorHQ.Plugin.DiskStatus.csproj", "{92B1CBAF-43CC-4FEA-BC66-F89C72EBD84A}"
EndProject
Project("{9A19103F-16F7-4668-BE54-9A1E7A4F7556}") = "Plugin.Example.Docs", "Plugin.Example.Docs\Plugin.Example.Docs.csproj", "{7FCFC2AB-BF7A-464C-AD0F-9EB814DC7231}"
EndProject
Project("{9A19103F-16F7-4668-BE54-9A1E7A4F7556}") = "ImpostorHQ.Plugin.HighCourt", "ImpostorHQ.Plugin.HighCourt\ImpostorHQ.Plugin.HighCourt.csproj", "{C7268978-BE6F-4725-A1F8-B065A7AE95C9}"
EndProject
Project("{FAE04EC0-301F-11D3-BF4B-00C04F79EFBC}") = "Impostor.Commands.Core.Client", "Impostor.Commands.Core.Client\Impostor.Commands.Core.Client.csproj", "{314ABE1F-118E-457F-B762-96F1999D8C62}"
EndProject
Global
	GlobalSection(SolutionConfigurationPlatforms) = preSolution
		Debug_Ubuntu|Any CPU = Debug_Ubuntu|Any CPU
		Debug|Any CPU = Debug|Any CPU
		Release_Ubuntu|Any CPU = Release_Ubuntu|Any CPU
		Release|Any CPU = Release|Any CPU
	EndGlobalSection
	GlobalSection(ProjectConfigurationPlatforms) = postSolution
		{1E86A8D8-C0B4-4194-9274-C93885A6FD84}.Debug_Ubuntu|Any CPU.ActiveCfg = Debug|Any CPU
		{1E86A8D8-C0B4-4194-9274-C93885A6FD84}.Debug_Ubuntu|Any CPU.Build.0 = Debug|Any CPU
		{1E86A8D8-C0B4-4194-9274-C93885A6FD84}.Debug|Any CPU.ActiveCfg = Debug|Any CPU
		{1E86A8D8-C0B4-4194-9274-C93885A6FD84}.Debug|Any CPU.Build.0 = Debug|Any CPU
		{1E86A8D8-C0B4-4194-9274-C93885A6FD84}.Release_Ubuntu|Any CPU.ActiveCfg = Release|Any CPU
		{1E86A8D8-C0B4-4194-9274-C93885A6FD84}.Release_Ubuntu|Any CPU.Build.0 = Release|Any CPU
		{1E86A8D8-C0B4-4194-9274-C93885A6FD84}.Release|Any CPU.ActiveCfg = Release|Any CPU
		{1E86A8D8-C0B4-4194-9274-C93885A6FD84}.Release|Any CPU.Build.0 = Release|Any CPU
		{EE7778C7-9863-4BBC-9DDE-4B95AF946416}.Debug_Ubuntu|Any CPU.ActiveCfg = Debug|Any CPU
		{EE7778C7-9863-4BBC-9DDE-4B95AF946416}.Debug_Ubuntu|Any CPU.Build.0 = Debug|Any CPU
		{EE7778C7-9863-4BBC-9DDE-4B95AF946416}.Debug|Any CPU.ActiveCfg = Debug|Any CPU
		{EE7778C7-9863-4BBC-9DDE-4B95AF946416}.Debug|Any CPU.Build.0 = Debug|Any CPU
		{EE7778C7-9863-4BBC-9DDE-4B95AF946416}.Release_Ubuntu|Any CPU.ActiveCfg = Release|Any CPU
		{EE7778C7-9863-4BBC-9DDE-4B95AF946416}.Release_Ubuntu|Any CPU.Build.0 = Release|Any CPU
		{EE7778C7-9863-4BBC-9DDE-4B95AF946416}.Release|Any CPU.ActiveCfg = Release|Any CPU
		{EE7778C7-9863-4BBC-9DDE-4B95AF946416}.Release|Any CPU.Build.0 = Release|Any CPU
		{0D072C9E-1BDA-478A-90C3-144CD637FB40}.Debug_Ubuntu|Any CPU.ActiveCfg = Debug|Any CPU
		{0D072C9E-1BDA-478A-90C3-144CD637FB40}.Debug_Ubuntu|Any CPU.Build.0 = Debug|Any CPU
		{0D072C9E-1BDA-478A-90C3-144CD637FB40}.Debug|Any CPU.ActiveCfg = Debug|Any CPU
		{0D072C9E-1BDA-478A-90C3-144CD637FB40}.Debug|Any CPU.Build.0 = Debug|Any CPU
		{0D072C9E-1BDA-478A-90C3-144CD637FB40}.Release_Ubuntu|Any CPU.ActiveCfg = Release|Any CPU
		{0D072C9E-1BDA-478A-90C3-144CD637FB40}.Release_Ubuntu|Any CPU.Build.0 = Release|Any CPU
		{0D072C9E-1BDA-478A-90C3-144CD637FB40}.Release|Any CPU.ActiveCfg = Release|Any CPU
		{0D072C9E-1BDA-478A-90C3-144CD637FB40}.Release|Any CPU.Build.0 = Release|Any CPU
		{C916DC6C-D2AD-4869-9B5E-8C79D83A14AD}.Debug_Ubuntu|Any CPU.ActiveCfg = Debug|Any CPU
		{C916DC6C-D2AD-4869-9B5E-8C79D83A14AD}.Debug_Ubuntu|Any CPU.Build.0 = Debug|Any CPU
		{C916DC6C-D2AD-4869-9B5E-8C79D83A14AD}.Debug|Any CPU.ActiveCfg = Debug|Any CPU
		{C916DC6C-D2AD-4869-9B5E-8C79D83A14AD}.Debug|Any CPU.Build.0 = Debug|Any CPU
		{C916DC6C-D2AD-4869-9B5E-8C79D83A14AD}.Release_Ubuntu|Any CPU.ActiveCfg = Release|Any CPU
		{C916DC6C-D2AD-4869-9B5E-8C79D83A14AD}.Release_Ubuntu|Any CPU.Build.0 = Release|Any CPU
		{C916DC6C-D2AD-4869-9B5E-8C79D83A14AD}.Release|Any CPU.ActiveCfg = Release|Any CPU
		{C916DC6C-D2AD-4869-9B5E-8C79D83A14AD}.Release|Any CPU.Build.0 = Release|Any CPU
		{F4D0DB97-AEE8-49B8-A568-0D5B2F714AA0}.Debug_Ubuntu|Any CPU.ActiveCfg = Debug|Any CPU
		{F4D0DB97-AEE8-49B8-A568-0D5B2F714AA0}.Debug_Ubuntu|Any CPU.Build.0 = Debug|Any CPU
		{F4D0DB97-AEE8-49B8-A568-0D5B2F714AA0}.Debug|Any CPU.ActiveCfg = Debug|Any CPU
		{F4D0DB97-AEE8-49B8-A568-0D5B2F714AA0}.Debug|Any CPU.Build.0 = Debug|Any CPU
		{F4D0DB97-AEE8-49B8-A568-0D5B2F714AA0}.Release_Ubuntu|Any CPU.ActiveCfg = Release|Any CPU
		{F4D0DB97-AEE8-49B8-A568-0D5B2F714AA0}.Release_Ubuntu|Any CPU.Build.0 = Release|Any CPU
		{F4D0DB97-AEE8-49B8-A568-0D5B2F714AA0}.Release|Any CPU.ActiveCfg = Release|Any CPU
		{F4D0DB97-AEE8-49B8-A568-0D5B2F714AA0}.Release|Any CPU.Build.0 = Release|Any CPU
		{76E59656-C45F-4F28-A184-9CB15EE5AF73}.Debug_Ubuntu|Any CPU.ActiveCfg = Debug|Any CPU
		{76E59656-C45F-4F28-A184-9CB15EE5AF73}.Debug_Ubuntu|Any CPU.Build.0 = Debug|Any CPU
		{76E59656-C45F-4F28-A184-9CB15EE5AF73}.Debug|Any CPU.ActiveCfg = Debug|Any CPU
		{76E59656-C45F-4F28-A184-9CB15EE5AF73}.Debug|Any CPU.Build.0 = Debug|Any CPU
		{76E59656-C45F-4F28-A184-9CB15EE5AF73}.Release_Ubuntu|Any CPU.ActiveCfg = Release|Any CPU
		{76E59656-C45F-4F28-A184-9CB15EE5AF73}.Release_Ubuntu|Any CPU.Build.0 = Release|Any CPU
		{76E59656-C45F-4F28-A184-9CB15EE5AF73}.Release|Any CPU.ActiveCfg = Release|Any CPU
		{76E59656-C45F-4F28-A184-9CB15EE5AF73}.Release|Any CPU.Build.0 = Release|Any CPU
		{6E531144-02F5-46A3-9758-D660A09EE7C0}.Debug_Ubuntu|Any CPU.ActiveCfg = Debug|Any CPU
		{6E531144-02F5-46A3-9758-D660A09EE7C0}.Debug_Ubuntu|Any CPU.Build.0 = Debug|Any CPU
		{6E531144-02F5-46A3-9758-D660A09EE7C0}.Debug|Any CPU.ActiveCfg = Debug|Any CPU
		{6E531144-02F5-46A3-9758-D660A09EE7C0}.Debug|Any CPU.Build.0 = Debug|Any CPU
		{6E531144-02F5-46A3-9758-D660A09EE7C0}.Release_Ubuntu|Any CPU.ActiveCfg = Release|Any CPU
		{6E531144-02F5-46A3-9758-D660A09EE7C0}.Release_Ubuntu|Any CPU.Build.0 = Release|Any CPU
		{6E531144-02F5-46A3-9758-D660A09EE7C0}.Release|Any CPU.ActiveCfg = Release|Any CPU
		{6E531144-02F5-46A3-9758-D660A09EE7C0}.Release|Any CPU.Build.0 = Release|Any CPU
		{45F86E59-A175-48AD-BB42-D8D961139094}.Debug_Ubuntu|Any CPU.ActiveCfg = Debug|Any CPU
		{45F86E59-A175-48AD-BB42-D8D961139094}.Debug_Ubuntu|Any CPU.Build.0 = Debug|Any CPU
		{45F86E59-A175-48AD-BB42-D8D961139094}.Debug|Any CPU.ActiveCfg = Debug|Any CPU
		{45F86E59-A175-48AD-BB42-D8D961139094}.Debug|Any CPU.Build.0 = Debug|Any CPU
		{45F86E59-A175-48AD-BB42-D8D961139094}.Release_Ubuntu|Any CPU.ActiveCfg = Release|Any CPU
		{45F86E59-A175-48AD-BB42-D8D961139094}.Release_Ubuntu|Any CPU.Build.0 = Release|Any CPU
		{45F86E59-A175-48AD-BB42-D8D961139094}.Release|Any CPU.ActiveCfg = Release|Any CPU
		{45F86E59-A175-48AD-BB42-D8D961139094}.Release|Any CPU.Build.0 = Release|Any CPU
		{66D3D3C3-EE1C-4486-BB42-F76150E5213F}.Debug_Ubuntu|Any CPU.ActiveCfg = Debug|Any CPU
		{66D3D3C3-EE1C-4486-BB42-F76150E5213F}.Debug_Ubuntu|Any CPU.Build.0 = Debug|Any CPU
		{66D3D3C3-EE1C-4486-BB42-F76150E5213F}.Debug|Any CPU.ActiveCfg = Debug|Any CPU
		{66D3D3C3-EE1C-4486-BB42-F76150E5213F}.Debug|Any CPU.Build.0 = Debug|Any CPU
		{66D3D3C3-EE1C-4486-BB42-F76150E5213F}.Release_Ubuntu|Any CPU.ActiveCfg = Release|Any CPU
		{66D3D3C3-EE1C-4486-BB42-F76150E5213F}.Release_Ubuntu|Any CPU.Build.0 = Release|Any CPU
		{66D3D3C3-EE1C-4486-BB42-F76150E5213F}.Release|Any CPU.ActiveCfg = Release|Any CPU
		{66D3D3C3-EE1C-4486-BB42-F76150E5213F}.Release|Any CPU.Build.0 = Release|Any CPU
		{5C3E0DD4-DA0C-454C-8200-B82A344D2D56}.Debug_Ubuntu|Any CPU.ActiveCfg = Debug|Any CPU
		{5C3E0DD4-DA0C-454C-8200-B82A344D2D56}.Debug_Ubuntu|Any CPU.Build.0 = Debug|Any CPU
		{5C3E0DD4-DA0C-454C-8200-B82A344D2D56}.Debug|Any CPU.ActiveCfg = Debug|Any CPU
		{5C3E0DD4-DA0C-454C-8200-B82A344D2D56}.Debug|Any CPU.Build.0 = Debug|Any CPU
		{5C3E0DD4-DA0C-454C-8200-B82A344D2D56}.Release_Ubuntu|Any CPU.ActiveCfg = Release|Any CPU
		{5C3E0DD4-DA0C-454C-8200-B82A344D2D56}.Release_Ubuntu|Any CPU.Build.0 = Release|Any CPU
		{5C3E0DD4-DA0C-454C-8200-B82A344D2D56}.Release|Any CPU.ActiveCfg = Release|Any CPU
		{5C3E0DD4-DA0C-454C-8200-B82A344D2D56}.Release|Any CPU.Build.0 = Release|Any CPU
		{92B1CBAF-43CC-4FEA-BC66-F89C72EBD84A}.Debug_Ubuntu|Any CPU.ActiveCfg = Debug|Any CPU
		{92B1CBAF-43CC-4FEA-BC66-F89C72EBD84A}.Debug_Ubuntu|Any CPU.Build.0 = Debug|Any CPU
		{92B1CBAF-43CC-4FEA-BC66-F89C72EBD84A}.Debug|Any CPU.ActiveCfg = Debug|Any CPU
		{92B1CBAF-43CC-4FEA-BC66-F89C72EBD84A}.Debug|Any CPU.Build.0 = Debug|Any CPU
		{92B1CBAF-43CC-4FEA-BC66-F89C72EBD84A}.Release_Ubuntu|Any CPU.ActiveCfg = Release|Any CPU
		{92B1CBAF-43CC-4FEA-BC66-F89C72EBD84A}.Release_Ubuntu|Any CPU.Build.0 = Release|Any CPU
		{92B1CBAF-43CC-4FEA-BC66-F89C72EBD84A}.Release|Any CPU.ActiveCfg = Release|Any CPU
		{92B1CBAF-43CC-4FEA-BC66-F89C72EBD84A}.Release|Any CPU.Build.0 = Release|Any CPU
		{7FCFC2AB-BF7A-464C-AD0F-9EB814DC7231}.Debug_Ubuntu|Any CPU.ActiveCfg = Debug|Any CPU
		{7FCFC2AB-BF7A-464C-AD0F-9EB814DC7231}.Debug_Ubuntu|Any CPU.Build.0 = Debug|Any CPU
		{7FCFC2AB-BF7A-464C-AD0F-9EB814DC7231}.Debug|Any CPU.ActiveCfg = Debug|Any CPU
		{7FCFC2AB-BF7A-464C-AD0F-9EB814DC7231}.Debug|Any CPU.Build.0 = Debug|Any CPU
		{7FCFC2AB-BF7A-464C-AD0F-9EB814DC7231}.Release_Ubuntu|Any CPU.ActiveCfg = Release|Any CPU
		{7FCFC2AB-BF7A-464C-AD0F-9EB814DC7231}.Release_Ubuntu|Any CPU.Build.0 = Release|Any CPU
		{7FCFC2AB-BF7A-464C-AD0F-9EB814DC7231}.Release|Any CPU.ActiveCfg = Release|Any CPU
		{7FCFC2AB-BF7A-464C-AD0F-9EB814DC7231}.Release|Any CPU.Build.0 = Release|Any CPU
		{C7268978-BE6F-4725-A1F8-B065A7AE95C9}.Debug_Ubuntu|Any CPU.ActiveCfg = Debug|Any CPU
		{C7268978-BE6F-4725-A1F8-B065A7AE95C9}.Debug_Ubuntu|Any CPU.Build.0 = Debug|Any CPU
		{C7268978-BE6F-4725-A1F8-B065A7AE95C9}.Debug|Any CPU.ActiveCfg = Debug|Any CPU
		{C7268978-BE6F-4725-A1F8-B065A7AE95C9}.Debug|Any CPU.Build.0 = Debug|Any CPU
		{C7268978-BE6F-4725-A1F8-B065A7AE95C9}.Release_Ubuntu|Any CPU.ActiveCfg = Release|Any CPU
		{C7268978-BE6F-4725-A1F8-B065A7AE95C9}.Release_Ubuntu|Any CPU.Build.0 = Release|Any CPU
		{C7268978-BE6F-4725-A1F8-B065A7AE95C9}.Release|Any CPU.ActiveCfg = Release|Any CPU
		{C7268978-BE6F-4725-A1F8-B065A7AE95C9}.Release|Any CPU.Build.0 = Release|Any CPU
		{314ABE1F-118E-457F-B762-96F1999D8C62}.Debug_Ubuntu|Any CPU.ActiveCfg = Debug|Any CPU
		{314ABE1F-118E-457F-B762-96F1999D8C62}.Debug_Ubuntu|Any CPU.Build.0 = Debug|Any CPU
		{314ABE1F-118E-457F-B762-96F1999D8C62}.Debug|Any CPU.ActiveCfg = Debug|Any CPU
		{314ABE1F-118E-457F-B762-96F1999D8C62}.Debug|Any CPU.Build.0 = Debug|Any CPU
		{314ABE1F-118E-457F-B762-96F1999D8C62}.Release_Ubuntu|Any CPU.ActiveCfg = Release|Any CPU
		{314ABE1F-118E-457F-B762-96F1999D8C62}.Release_Ubuntu|Any CPU.Build.0 = Release|Any CPU
		{314ABE1F-118E-457F-B762-96F1999D8C62}.Release|Any CPU.ActiveCfg = Release|Any CPU
		{314ABE1F-118E-457F-B762-96F1999D8C62}.Release|Any CPU.Build.0 = Release|Any CPU
	EndGlobalSection
	GlobalSection(SolutionProperties) = preSolution
		HideSolutionNode = FALSE
	EndGlobalSection
	GlobalSection(NestedProjects) = preSolution
		{F4D0DB97-AEE8-49B8-A568-0D5B2F714AA0} = {591D8590-F104-4D3A-AD0B-B8C825AA66B7}
		{76E59656-C45F-4F28-A184-9CB15EE5AF73} = {591D8590-F104-4D3A-AD0B-B8C825AA66B7}
		{6E531144-02F5-46A3-9758-D660A09EE7C0} = {591D8590-F104-4D3A-AD0B-B8C825AA66B7}
		{45F86E59-A175-48AD-BB42-D8D961139094} = {74E1796B-1ECB-415E-906A-BBF1C7FFB31F}
		{5C3E0DD4-DA0C-454C-8200-B82A344D2D56} = {591D8590-F104-4D3A-AD0B-B8C825AA66B7}
		{92B1CBAF-43CC-4FEA-BC66-F89C72EBD84A} = {591D8590-F104-4D3A-AD0B-B8C825AA66B7}
		{C7268978-BE6F-4725-A1F8-B065A7AE95C9} = {591D8590-F104-4D3A-AD0B-B8C825AA66B7}
	EndGlobalSection
	GlobalSection(ExtensibilityGlobals) = postSolution
		SolutionGuid = {362CA084-8ED3-49DF-91CA-BF06EE4A969C}
	EndGlobalSection
EndGlobal
